{
  "nodes": {
    "apple-silicon-firmware": {
      "flake": false,
      "locked": {
        "lastModified": 1741621822,
        "narHash": "sha256-RzSJbRSoNUT0vcvGhYnmY48y34kN1y+xFoumDe+S0RA=",
        "path": "/boot/asahi",
        "type": "path"
      },
      "original": {
        "path": "/boot/asahi",
        "type": "path"
      }
    },
    "darkly-qt": {
      "inputs": {
        "nixpkgs": [
          "nixpkgs"
        ]
      },
      "locked": {
        "lastModified": 1749134809,
        "narHash": "sha256-1WErpDYTlMW/889Efe3OUM3uwt5w+EttjOGoBolBZvE=",
        "owner": "Bali10050",
        "repo": "Darkly",
        "rev": "c26d5e6a00c053850befd6c6af550797a5758dac",
        "type": "github"
      },
      "original": {
        "owner": "Bali10050",
        "repo": "Darkly",
        "type": "github"
      }
    },
    "evyspkgs": {
      "inputs": {
        "mikuboot": "mikuboot",
        "nixpkgs": [
          "nixpkgs"
        ],
        "utils": "utils_2"
      },
      "locked": {
        "lastModified": 1741881881,
        "narHash": "sha256-G4z62VsvNBWC+cRPxAvMIiu7zdQwfgDephQ1iS7gZJU=",
        "owner": "evysnix",
        "repo": "evyspkgs",
        "rev": "b04df8623083e5b9804e4cc3bb484392786c2743",
        "type": "gitlab"
      },
      "original": {
        "owner": "evysnix",
        "repo": "evyspkgs",
        "type": "gitlab"
      }
    },
    "flake-compat": {
      "locked": {
        "lastModified": 1688025799,
        "narHash": "sha256-ktpB4dRtnksm9F5WawoIkEneh1nrEvuxb5lJFt1iOyw=",
        "owner": "nix-community",
        "repo": "flake-compat",
        "rev": "8bf105319d44f6b9f0d764efa4fdef9f1cc9ba1c",
        "type": "github"
      },
      "original": {
        "owner": "nix-community",
        "repo": "flake-compat",
        "type": "github"
      }
    },
    "flake-programs-sqlite": {
      "inputs": {
        "nixpkgs": [
          "nixpkgs"
        ],
        "utils": "utils_3"
      },
      "locked": {
        "lastModified": 1749414525,
        "narHash": "sha256-sowjdjKVqNYOXrD3akiIej5ARhum6LuYbJlWzZYYN/Y=",
        "owner": "wamserma",
        "repo": "flake-programs-sqlite",
        "rev": "a010ac2889696ccc9bcd2d99474313470b419fae",
        "type": "github"
      },
      "original": {
        "owner": "wamserma",
        "repo": "flake-programs-sqlite",
        "type": "github"
      }
    },
    "flake-utils": {
      "inputs": {
        "systems": "systems_4"
      },
      "locked": {
        "lastModified": 1731533236,
        "narHash": "sha256-l0KFg5HjrsfsO/JpG+r7fRrqm12kzFHyUHqHCVpMMbI=",
        "owner": "numtide",
        "repo": "flake-utils",
        "rev": "11707dc2f618dd54ca8739b309ec4fc024de578b",
        "type": "github"
      },
      "original": {
        "owner": "numtide",
        "repo": "flake-utils",
        "type": "github"
      }
    },
    "flakey-profile": {
      "locked": {
        "lastModified": 1712898590,
        "narHash": "sha256-FhGIEU93VHAChKEXx905TSiPZKga69bWl1VB37FK//I=",
        "owner": "lf-",
        "repo": "flakey-profile",
        "rev": "243c903fd8eadc0f63d205665a92d4df91d42d9d",
        "type": "github"
      },
      "original": {
        "owner": "lf-",
        "repo": "flakey-profile",
        "type": "github"
      }
    },
    "home-manager": {
      "inputs": {
        "nixpkgs": [
          "nixpkgs"
        ]
      },
      "locked": {
        "lastModified": 1749479111,
        "narHash": "sha256-0cn4NGnYR3n0m8FPrt+pW817Cedi4vwOw3SgJaTcdcg=",
        "owner": "nix-community",
        "repo": "home-manager",
        "rev": "35e1f5a7c29f2b05e8f53177f6b5c71108c5f4c3",
        "type": "github"
      },
      "original": {
        "owner": "nix-community",
        "repo": "home-manager",
        "type": "github"
      }
    },
    "kwin-effects-forceblur": {
      "inputs": {
        "nixpkgs": [
          "nixpkgs"
        ],
        "utils": "utils_4"
      },
      "locked": {
        "lastModified": 1745057346,
        "narHash": "sha256-71cyYKUul9owRzbcObXkzhTBcmnXJsvmk1gq0RbP5PQ=",
        "owner": "taj-ny",
        "repo": "kwin-effects-forceblur",
        "rev": "fea9f80f27389aa8a62befb5babf40b28fed328d",
        "type": "github"
      },
      "original": {
        "owner": "taj-ny",
        "repo": "kwin-effects-forceblur",
        "type": "github"
      }
    },
    "lix": {
      "flake": false,
      "locked": {
        "lastModified": 1737234286,
        "narHash": "sha256-pgDJZjj4jpzkFxsqBTI/9Yb0n3gW+DvDtuv9SwQZZcs=",
        "rev": "079528098f5998ba13c88821a2eca1005c1695de",
        "type": "tarball",
        "url": "https://git.lix.systems/api/v1/repos/lix-project/lix/archive/079528098f5998ba13c88821a2eca1005c1695de.tar.gz?rev=079528098f5998ba13c88821a2eca1005c1695de"
      },
      "original": {
        "type": "tarball",
        "url": "https://git.lix.systems/lix-project/lix/archive/release-2.92.tar.gz"
      }
    },
    "lix-module": {
      "inputs": {
        "flake-utils": "flake-utils",
        "flakey-profile": "flakey-profile",
        "lix": "lix",
        "nixpkgs": [
          "nixpkgs"
        ]
      },
      "locked": {
        "lastModified": 1742943028,
        "narHash": "sha256-fprwZKE1uMzO9tiWWOrmLWBW3GPkMayQfb0xOvVFIno=",
        "ref": "release-2.92",
        "rev": "3fae818597ca2f1474de62022f850c23be50528d",
        "revCount": 134,
        "type": "git",
        "url": "https://git.lix.systems/lix-project/nixos-module"
      },
      "original": {
        "ref": "release-2.92",
        "type": "git",
        "url": "https://git.lix.systems/lix-project/nixos-module"
      }
    },
    "mikuboot": {
      "inputs": {
        "nixpkgs": [
          "evyspkgs",
          "nixpkgs"
        ],
        "utils": "utils"
      },
      "locked": {
        "lastModified": 1741815386,
        "narHash": "sha256-lHUckWBT3FVjCq74oUk2nQdLlfP6WWQNcEkVUF5zLhs=",
        "owner": "evysgarden",
        "repo": "mikuboot",
        "rev": "4acc6917c45d43a06afe44e10b30dc58a7a1fb02",
        "type": "gitlab"
      },
      "original": {
        "owner": "evysgarden",
        "repo": "mikuboot",
        "type": "gitlab"
      }
    },
    "nixos-apple-silicon": {
      "inputs": {
        "flake-compat": "flake-compat",
        "nixpkgs": [
          "nixpkgs"
        ]
      },
      "locked": {
        "lastModified": 1748659443,
        "narHash": "sha256-dav2hzyCmXZ3n6lEZrfZBG51+g6PUhkzRl3d6Ypd9x0=",
        "owner": "tpwrules",
        "repo": "nixos-apple-silicon",
        "rev": "3ddc251d2acce5019b0fa770e224d068610a34e4",
        "type": "github"
      },
      "original": {
        "owner": "tpwrules",
        "repo": "nixos-apple-silicon",
        "type": "github"
      }
    },
    "nixpkgs": {
      "locked": {
        "lastModified": 1749285348,
        "narHash": "sha256-frdhQvPbmDYaScPFiCnfdh3B/Vh81Uuoo0w5TkWmmjU=",
        "owner": "nixos",
        "repo": "nixpkgs",
        "rev": "3e3afe5174c561dee0df6f2c2b2236990146329f",
        "type": "github"
      },
      "original": {
        "owner": "nixos",
        "ref": "nixos-unstable",
        "repo": "nixpkgs",
        "type": "github"
      }
    },
    "plasma-manager": {
      "inputs": {
        "home-manager": [
          "home-manager"
        ],
        "nixpkgs": [
          "nixpkgs"
        ]
      },
      "locked": {
        "lastModified": 1748196248,
        "narHash": "sha256-1iHjsH6/5UOerJEoZKE+Gx1BgAoge/YcnUsOA4wQ/BU=",
        "owner": "nix-community",
        "repo": "plasma-manager",
        "rev": "b7697abe89967839b273a863a3805345ea54ab56",
        "type": "github"
      },
      "original": {
        "owner": "nix-community",
        "repo": "plasma-manager",
        "type": "github"
      }
    },
    "root": {
      "inputs": {
        "apple-silicon-firmware": "apple-silicon-firmware",
        "darkly-qt": "darkly-qt",
        "evyspkgs": "evyspkgs",
        "flake-programs-sqlite": "flake-programs-sqlite",
        "home-manager": "home-manager",
        "kwin-effects-forceblur": "kwin-effects-forceblur",
        "lix-module": "lix-module",
        "nixos-apple-silicon": "nixos-apple-silicon",
        "nixpkgs": "nixpkgs",
        "plasma-manager": "plasma-manager",
        "zen-browser": "zen-browser"
      }
    },
    "systems": {
      "locked": {
        "lastModified": 1681028828,
        "narHash": "sha256-Vy1rq5AaRuLzOxct8nz4T6wlgyUR7zLU309k9mBC768=",
        "owner": "nix-systems",
        "repo": "default",
        "rev": "da67096a3b9bf56a91d16901293e51ba5b49a27e",
        "type": "github"
      },
      "original": {
        "owner": "nix-systems",
        "repo": "default",
        "type": "github"
      }
    },
    "systems_2": {
      "locked": {
        "lastModified": 1681028828,
        "narHash": "sha256-Vy1rq5AaRuLzOxct8nz4T6wlgyUR7zLU309k9mBC768=",
        "owner": "nix-systems",
        "repo": "default",
        "rev": "da67096a3b9bf56a91d16901293e51ba5b49a27e",
        "type": "github"
      },
      "original": {
        "owner": "nix-systems",
        "repo": "default",
        "type": "github"
      }
    },
    "systems_3": {
      "locked": {
        "lastModified": 1681028828,
        "narHash": "sha256-Vy1rq5AaRuLzOxct8nz4T6wlgyUR7zLU309k9mBC768=",
        "owner": "nix-systems",
        "repo": "default",
        "rev": "da67096a3b9bf56a91d16901293e51ba5b49a27e",
        "type": "github"
      },
      "original": {
        "owner": "nix-systems",
        "repo": "default",
        "type": "github"
      }
    },
    "systems_4": {
      "locked": {
        "lastModified": 1681028828,
        "narHash": "sha256-Vy1rq5AaRuLzOxct8nz4T6wlgyUR7zLU309k9mBC768=",
        "owner": "nix-systems",
        "repo": "default",
        "rev": "da67096a3b9bf56a91d16901293e51ba5b49a27e",
        "type": "github"
      },
      "original": {
        "owner": "nix-systems",
        "repo": "default",
        "type": "github"
      }
    },
    "utils": {
      "inputs": {
        "systems": "systems"
      },
      "locked": {
        "lastModified": 1731533236,
        "narHash": "sha256-l0KFg5HjrsfsO/JpG+r7fRrqm12kzFHyUHqHCVpMMbI=",
        "owner": "numtide",
        "repo": "flake-utils",
        "rev": "11707dc2f618dd54ca8739b309ec4fc024de578b",
        "type": "github"
      },
      "original": {
        "owner": "numtide",
        "repo": "flake-utils",
        "type": "github"
      }
    },
    "utils_2": {
      "inputs": {
        "systems": "systems_2"
      },
      "locked": {
        "lastModified": 1731533236,
        "narHash": "sha256-l0KFg5HjrsfsO/JpG+r7fRrqm12kzFHyUHqHCVpMMbI=",
        "owner": "numtide",
        "repo": "flake-utils",
        "rev": "11707dc2f618dd54ca8739b309ec4fc024de578b",
        "type": "github"
      },
      "original": {
        "owner": "numtide",
        "repo": "flake-utils",
        "type": "github"
      }
    },
    "utils_3": {
      "locked": {
        "lastModified": 1678901627,
        "narHash": "sha256-U02riOqrKKzwjsxc/400XnElV+UtPUQWpANPlyazjH0=",
        "owner": "numtide",
        "repo": "flake-utils",
        "rev": "93a2b84fc4b70d9e089d029deacc3583435c2ed6",
        "type": "github"
      },
      "original": {
        "owner": "numtide",
        "repo": "flake-utils",
        "type": "github"
      }
    },
    "utils_4": {
      "inputs": {
        "systems": "systems_3"
      },
      "locked": {
        "lastModified": 1726560853,
        "narHash": "sha256-X6rJYSESBVr3hBoH0WbKE5KvhPU5bloyZ2L4K60/fPQ=",
        "owner": "numtide",
        "repo": "flake-utils",
        "rev": "c1dfcf08411b08f6b8615f7d8971a2bfa81d5e8a",
        "type": "github"
      },
      "original": {
        "owner": "numtide",
        "repo": "flake-utils",
        "type": "github"
      }
    },
    "zen-browser": {
      "inputs": {
        "home-manager": [
          "home-manager"
        ],
        "nixpkgs": [
          "nixpkgs"
        ]
      },
      "locked": {
        "lastModified": 1749443486,
        "narHash": "sha256-FoHjyDf7B2CnVYcDTCuU4rsmZje8N1RTI+oNmcxIi8Y=",
        "owner": "0xc000022070",
        "repo": "zen-browser-flake",
        "rev": "f2d52dd1b3caadba53de552975c38b0a0795b319",
        "type": "github"
      },
      "original": {
        "owner": "0xc000022070",
        "repo": "zen-browser-flake",
        "type": "github"
      }
    }
  },
  "root": "root",
  "version": 7
}
