{
  "nodes": {
    "apple-silicon-firmware": {
      "flake": false,
      "locked": {
        "lastModified": 1741621822,
        "narHash": "sha256-RzSJbRSoNUT0vcvGhYnmY48y34kN1y+xFoumDe+S0RA=",
        "path": "/boot/asahi",
        "type": "path"
      },
      "original": {
        "path": "/boot/asahi",
        "type": "path"
      }
    },
    "darkly-qt": {
      "inputs": {
        "nixpkgs": [
          "nixpkgs"
        ]
      },
      "locked": {
        "lastModified": 1749134809,
        "narHash": "sha256-1WErpDYTlMW/889Efe3OUM3uwt5w+EttjOGoBolBZvE=",
        "owner": "Bali10050",
        "repo": "Darkly",
        "rev": "c26d5e6a00c053850befd6c6af550797a5758dac",
        "type": "github"
      },
      "original": {
        "owner": "Bali10050",
        "repo": "Darkly",
        "type": "github"
      }
    },
    "evyspkgs": {
      "inputs": {
        "mikuboot": "mikuboot",
        "nixpkgs": [
          "nixpkgs"
        ],
        "utils": "utils_2"
      },
      "locked": {
        "lastModified": 1750592940,
        "narHash": "sha256-DjMuhYfDGzdEHckYvC0nH9X9+pB9jyoVbS+169AytVc=",
        "owner": "evysnix",
        "repo": "evyspkgs",
        "rev": "a77b9756efd47adbb16de67b332f50eb086236e8",
        "type": "gitlab"
      },
      "original": {
        "owner": "evysnix",
        "repo": "evyspkgs",
        "type": "gitlab"
      }
    },
    "flake-compat": {
      "locked": {
        "lastModified": 1688025799,
        "narHash": "sha256-ktpB4dRtnksm9F5WawoIkEneh1nrEvuxb5lJFt1iOyw=",
        "owner": "nix-community",
        "repo": "flake-compat",
        "rev": "8bf105319d44f6b9f0d764efa4fdef9f1cc9ba1c",
        "type": "github"
      },
      "original": {
        "owner": "nix-community",
        "repo": "flake-compat",
        "type": "github"
      }
    },
    "flake-programs-sqlite": {
      "inputs": {
        "nixpkgs": [
          "nixpkgs"
        ],
        "utils": "utils_3"
      },
      "locked": {
        "lastModified": 1750756866,
        "narHash": "sha256-Om06Vv7oZ7NCxRw9zCp0lMDFThm7iFtGSCIAVoAUSJc=",
        "owner": "wamserma",
        "repo": "flake-programs-sqlite",
        "rev": "2a0d6eb97d6139da7efbf5fa6a8823b09b0ed70b",
        "type": "github"
      },
      "original": {
        "owner": "wamserma",
        "repo": "flake-programs-sqlite",
        "type": "github"
      }
    },
    "flake-utils": {
      "inputs": {
        "systems": "systems_4"
      },
      "locked": {
        "lastModified": 1731533236,
        "narHash": "sha256-l0KFg5HjrsfsO/JpG+r7fRrqm12kzFHyUHqHCVpMMbI=",
        "owner": "numtide",
        "repo": "flake-utils",
        "rev": "11707dc2f618dd54ca8739b309ec4fc024de578b",
        "type": "github"
      },
      "original": {
        "owner": "numtide",
        "repo": "flake-utils",
        "type": "github"
      }
    },
    "flakey-profile": {
      "locked": {
        "lastModified": 1712898590,
        "narHash": "sha256-FhGIEU93VHAChKEXx905TSiPZKga69bWl1VB37FK//I=",
        "owner": "lf-",
        "repo": "flakey-profile",
        "rev": "243c903fd8eadc0f63d205665a92d4df91d42d9d",
        "type": "github"
      },
      "original": {
        "owner": "lf-",
        "repo": "flakey-profile",
        "type": "github"
      }
    },
    "home-manager": {
      "inputs": {
        "nixpkgs": [
          "nixpkgs"
        ]
      },
      "locked": {
        "lastModified": 1750798083,
        "narHash": "sha256-DTCCcp6WCFaYXWKFRA6fiI2zlvOLCf5Vwx8+/0R8Wc4=",
        "owner": "nix-community",
        "repo": "home-manager",
        "rev": "ff31a4677c1a8ae506aa7e003a3dba08cb203f82",
        "type": "github"
      },
      "original": {
        "owner": "nix-community",
        "repo": "home-manager",
        "type": "github"
      }
    },
    "kwin-effects-forceblur": {
      "inputs": {
        "nixpkgs": [
          "nixpkgs"
        ],
        "utils": "utils_4"
      },
      "locked": {
        "lastModified": 1750493822,
        "narHash": "sha256-gMZFTJr0mj/WLKnrZMd22n0HpH7DJU3gAWjPd1I9Uzo=",
        "owner": "taj-ny",
        "repo": "kwin-effects-forceblur",
        "rev": "d179347c2073d7f330b4e71ce175843f0707dec1",
        "type": "github"
      },
      "original": {
        "owner": "taj-ny",
        "repo": "kwin-effects-forceblur",
        "type": "github"
      }
    },
    "lix": {
      "flake": false,
      "locked": {
        "lastModified": 1750762236,
        "narHash": "sha256-D7YepvFkGE4K1rOkEYA1P6wGj/eFbQXb03nLdBRjjwA=",
        "rev": "21317ce9658b028cd918171393afe378de783818",
        "type": "tarball",
        "url": "https://git.lix.systems/api/v1/repos/lix-project/lix/archive/21317ce9658b028cd918171393afe378de783818.tar.gz?rev=21317ce9658b028cd918171393afe378de783818"
      },
      "original": {
        "type": "tarball",
        "url": "https://git.lix.systems/lix-project/lix/archive/release-2.92.tar.gz"
      }
    },
    "lix-module": {
      "inputs": {
        "flake-utils": "flake-utils",
        "flakey-profile": "flakey-profile",
        "lix": "lix",
        "nixpkgs": [
          "nixpkgs"
        ]
      },
      "locked": {
        "lastModified": 1750776709,
        "narHash": "sha256-h9vRkc/RIIuo1fDisx8WX1mGYfryWUOhrOvnI8DGYeI=",
        "ref": "release-2.92",
        "rev": "f84e0257d1125715e3eb4800a6f36376583984a3",
        "revCount": 135,
        "type": "git",
        "url": "https://git.lix.systems/lix-project/nixos-module"
      },
      "original": {
        "ref": "release-2.92",
        "type": "git",
        "url": "https://git.lix.systems/lix-project/nixos-module"
      }
    },
    "mikuboot": {
      "inputs": {
        "nixpkgs": [
          "evyspkgs",
          "nixpkgs"
        ],
        "utils": "utils"
      },
      "locked": {
        "lastModified": 1748180993,
        "narHash": "sha256-Mjrp6m2LX8qQvREhFODXpxyP17mqiFVzCJkYm1aX3Mc=",
        "owner": "evysgarden",
        "repo": "mikuboot",
        "rev": "2a5f597de91bc7905db7fbd3a95644120f011283",
        "type": "gitlab"
      },
      "original": {
        "owner": "evysgarden",
        "repo": "mikuboot",
        "type": "gitlab"
      }
    },
    "nixos-apple-silicon": {
      "inputs": {
        "flake-compat": "flake-compat",
        "nixpkgs": [
          "nixpkgs"
        ]
      },
      "locked": {
        "lastModified": 1748659443,
        "narHash": "sha256-dav2hzyCmXZ3n6lEZrfZBG51+g6PUhkzRl3d6Ypd9x0=",
        "owner": "tpwrules",
        "repo": "nixos-apple-silicon",
        "rev": "3ddc251d2acce5019b0fa770e224d068610a34e4",
        "type": "github"
      },
      "original": {
        "owner": "tpwrules",
        "repo": "nixos-apple-silicon",
        "type": "github"
      }
    },
    "nixpkgs": {
      "locked": {
        "lastModified": 1750776420,
        "narHash": "sha256-/CG+w0o0oJ5itVklOoLbdn2dGB0wbZVOoDm4np6w09A=",
        "owner": "nixos",
        "repo": "nixpkgs",
        "rev": "30a61f056ac492e3b7cdcb69c1e6abdcf00e39cf",
        "type": "github"
      },
      "original": {
        "owner": "nixos",
        "ref": "nixos-unstable",
        "repo": "nixpkgs",
        "type": "github"
      }
    },
    "plasma-manager": {
      "inputs": {
        "home-manager": [
          "home-manager"
        ],
        "nixpkgs": [
          "nixpkgs"
        ]
      },
      "locked": {
        "lastModified": 1748196248,
        "narHash": "sha256-1iHjsH6/5UOerJEoZKE+Gx1BgAoge/YcnUsOA4wQ/BU=",
        "owner": "nix-community",
        "repo": "plasma-manager",
        "rev": "b7697abe89967839b273a863a3805345ea54ab56",
        "type": "github"
      },
      "original": {
        "owner": "nix-community",
        "repo": "plasma-manager",
        "type": "github"
      }
    },
    "root": {
      "inputs": {
        "apple-silicon-firmware": "apple-silicon-firmware",
        "darkly-qt": "darkly-qt",
        "evyspkgs": "evyspkgs",
        "flake-programs-sqlite": "flake-programs-sqlite",
        "home-manager": "home-manager",
        "kwin-effects-forceblur": "kwin-effects-forceblur",
        "lix-module": "lix-module",
        "nixos-apple-silicon": "nixos-apple-silicon",
        "nixpkgs": "nixpkgs",
        "plasma-manager": "plasma-manager",
        "zen-browser": "zen-browser"
      }
    },
    "systems": {
      "locked": {
        "lastModified": 1681028828,
        "narHash": "sha256-Vy1rq5AaRuLzOxct8nz4T6wlgyUR7zLU309k9mBC768=",
        "owner": "nix-systems",
        "repo": "default",
        "rev": "da67096a3b9bf56a91d16901293e51ba5b49a27e",
        "type": "github"
      },
      "original": {
        "owner": "nix-systems",
        "repo": "default",
        "type": "github"
      }
    },
    "systems_2": {
      "locked": {
        "lastModified": 1681028828,
        "narHash": "sha256-Vy1rq5AaRuLzOxct8nz4T6wlgyUR7zLU309k9mBC768=",
        "owner": "nix-systems",
        "repo": "default",
        "rev": "da67096a3b9bf56a91d16901293e51ba5b49a27e",
        "type": "github"
      },
      "original": {
        "owner": "nix-systems",
        "repo": "default",
        "type": "github"
      }
    },
    "systems_3": {
      "locked": {
        "lastModified": 1681028828,
        "narHash": "sha256-Vy1rq5AaRuLzOxct8nz4T6wlgyUR7zLU309k9mBC768=",
        "owner": "nix-systems",
        "repo": "default",
        "rev": "da67096a3b9bf56a91d16901293e51ba5b49a27e",
        "type": "github"
      },
      "original": {
        "owner": "nix-systems",
        "repo": "default",
        "type": "github"
      }
    },
    "systems_4": {
      "locked": {
        "lastModified": 1681028828,
        "narHash": "sha256-Vy1rq5AaRuLzOxct8nz4T6wlgyUR7zLU309k9mBC768=",
        "owner": "nix-systems",
        "repo": "default",
        "rev": "da67096a3b9bf56a91d16901293e51ba5b49a27e",
        "type": "github"
      },
      "original": {
        "owner": "nix-systems",
        "repo": "default",
        "type": "github"
      }
    },
    "utils": {
      "inputs": {
        "systems": "systems"
      },
      "locked": {
        "lastModified": 1731533236,
        "narHash": "sha256-l0KFg5HjrsfsO/JpG+r7fRrqm12kzFHyUHqHCVpMMbI=",
        "owner": "numtide",
        "repo": "flake-utils",
        "rev": "11707dc2f618dd54ca8739b309ec4fc024de578b",
        "type": "github"
      },
      "original": {
        "owner": "numtide",
        "repo": "flake-utils",
        "type": "github"
      }
    },
    "utils_2": {
      "inputs": {
        "systems": "systems_2"
      },
      "locked": {
        "lastModified": 1731533236,
        "narHash": "sha256-l0KFg5HjrsfsO/JpG+r7fRrqm12kzFHyUHqHCVpMMbI=",
        "owner": "numtide",
        "repo": "flake-utils",
        "rev": "11707dc2f618dd54ca8739b309ec4fc024de578b",
        "type": "github"
      },
      "original": {
        "owner": "numtide",
        "repo": "flake-utils",
        "type": "github"
      }
    },
    "utils_3": {
      "locked": {
        "lastModified": 1678901627,
        "narHash": "sha256-U02riOqrKKzwjsxc/400XnElV+UtPUQWpANPlyazjH0=",
        "owner": "numtide",
        "repo": "flake-utils",
        "rev": "93a2b84fc4b70d9e089d029deacc3583435c2ed6",
        "type": "github"
      },
      "original": {
        "owner": "numtide",
        "repo": "flake-utils",
        "type": "github"
      }
    },
    "utils_4": {
      "inputs": {
        "systems": "systems_3"
      },
      "locked": {
        "lastModified": 1726560853,
        "narHash": "sha256-X6rJYSESBVr3hBoH0WbKE5KvhPU5bloyZ2L4K60/fPQ=",
        "owner": "numtide",
        "repo": "flake-utils",
        "rev": "c1dfcf08411b08f6b8615f7d8971a2bfa81d5e8a",
        "type": "github"
      },
      "original": {
        "owner": "numtide",
        "repo": "flake-utils",
        "type": "github"
      }
    },
    "zen-browser": {
      "inputs": {
        "home-manager": [
          "home-manager"
        ],
        "nixpkgs": [
          "nixpkgs"
        ]
      },
      "locked": {
        "lastModified": 1750649182,
        "narHash": "sha256-beNAQ63SY8HxBsFdMGv/fdLzjQMYgifMh1DcmaIzMjo=",
        "owner": "0xc000022070",
        "repo": "zen-browser-flake",
        "rev": "c0785a69fe3988b4ef44c74575f4a2f698f91f32",
        "type": "github"
      },
      "original": {
        "owner": "0xc000022070",
        "repo": "zen-browser-flake",
        "type": "github"
      }
    }
  },
  "root": "root",
  "version": 7
}
